flarum-lock:

  ##
  # UNIQUE KEYS - The following keys are used in only one location each.
  ##

  # Translations in this namespace are used by the admin interface.
  admin:

    # These translations are used in the Permissions page of the admin interface.
    permissions:
      # lock_discussions_label: Lock discussions
      lock_discussions_label: Kunci Diskusi

  # Translations in this namespace are used by the forum user interface.
  forum:

    # These translations are displayed as tooltips for discussion badges.
    badge:
      # locked_tooltip: Locked
      locked_tooltip: Terkunci

    # These translations are used by the discussion control buttons.
    discussion_controls:
      # lock_button: Lock
      lock_button: Mengunci
      # unlock_button: Unlock
      unlock_button: Buka Kunci

    # These translations are used by the Notifications dropdown, a.k.a. "the bell".
    notifications:
      # discussion_locked_text: "{username} locked"
      discussion_locked_text: "{username} terkunci"

    # These translations are displayed between posts in the post stream.
    post_stream:
      # discussion_locked_text: "{username} locked the discussion."
      discussion_locked_text: "Diskusi ini telah dikunci oleh {username}."
      # discussion_unlocked_text: "{username} unlocked the discussion."
      discussion_unlocked_text: "Diskusi ini telah dibebaskan oleh {username}."

    # These translations are used in the Settings page.
    settings:
      # notify_discussion_locked_label: Someone locks a discussion I started
      notify_discussion_locked_label: Seseorang mengunci diskusi yang Saya buat
